PODS:
  - Alamofire (4.7.2)
  - KeychainAccess (3.1.1)

DEPENDENCIES:
  - Alamofire
  - KeychainAccess

SPEC CHECKSUMS:
  Alamofire: e4fa87002c137ba2d8d634d2c51fabcda0d5c223
  KeychainAccess: 7bd430028059754a3debab3cfc0bd1fc7fb85df3

PODFILE CHECKSUM: 0cf53b9a161ede170bf00606c81c01ce4aca841c

COCOAPODS: 1.4.0
