// !$*UTF8*$!
{
	archiveVersion = 1;
	classes = {
	};
	objectVersion = 46;
	objects = {

/* Begin PBXBuildFile section */
		158D030B5121247D986DBED4 /* Pods.framework in Frameworks */ = {isa = PBXBuildFile; fileRef = 94A096E9E5870DC9E3E8ECA5 /* Pods.framework */; };
		8B86C51F1D389A7C005E08CA /* OAuthManager.swift in Sources */ = {isa = PBXBuildFile; fileRef = 8B86C51E1D389A7C005E08CA /* OAuthManager.swift */; };
		8B8934431D37426C00BEA0FC /* OAuthCredential.swift in Sources */ = {isa = PBXBuildFile; fileRef = 8B8934421D37426C00BEA0FC /* OAuthCredential.swift */; };
		8B8934451D37473A00BEA0FC /* OAuth.swift in Sources */ = {isa = PBXBuildFile; fileRef = 8B8934441D37473A00BEA0FC /* OAuth.swift */; };
		8B8934481D378FA100BEA0FC /* OAuthOpenURLHandler.swift in Sources */ = {isa = PBXBuildFile; fileRef = 8B8934471D378FA100BEA0FC /* OAuthOpenURLHandler.swift */; };
		8B89344A1D37D29F00BEA0FC /* OAuth1.swift in Sources */ = {isa = PBXBuildFile; fileRef = 8B8934491D37D29F00BEA0FC /* OAuth1.swift */; };
		8B95A4011D3726640075763B /* AppDelegate.swift in Sources */ = {isa = PBXBuildFile; fileRef = 8B95A4001D3726640075763B /* AppDelegate.swift */; };
		8B95A4031D3726640075763B /* ViewController.swift in Sources */ = {isa = PBXBuildFile; fileRef = 8B95A4021D3726640075763B /* ViewController.swift */; };
		8B95A4081D3726640075763B /* Assets.xcassets in Resources */ = {isa = PBXBuildFile; fileRef = 8B95A4071D3726640075763B /* Assets.xcassets */; };
		8B95A40B1D3726640075763B /* LaunchScreen.storyboard in Resources */ = {isa = PBXBuildFile; fileRef = 8B95A4091D3726640075763B /* LaunchScreen.storyboard */; };
		8B95A4161D3726640075763B /* AlamofireOAuthTests.swift in Sources */ = {isa = PBXBuildFile; fileRef = 8B95A4151D3726640075763B /* AlamofireOAuthTests.swift */; };
		8B95A4211D3726640075763B /* AlamofireOAuthUITests.swift in Sources */ = {isa = PBXBuildFile; fileRef = 8B95A4201D3726640075763B /* AlamofireOAuthUITests.swift */; };
		8B95A4301D37376D0075763B /* StringExtension.swift in Sources */ = {isa = PBXBuildFile; fileRef = 8B95A42F1D37376D0075763B /* StringExtension.swift */; };
/* End PBXBuildFile section */

/* Begin PBXContainerItemProxy section */
		8B95A4121D3726640075763B /* PBXContainerItemProxy */ = {
			isa = PBXContainerItemProxy;
			containerPortal = 8B95A3F51D3726640075763B /* Project object */;
			proxyType = 1;
			remoteGlobalIDString = 8B95A3FC1D3726640075763B;
			remoteInfo = AlamofireOAuth;
		};
		8B95A41D1D3726640075763B /* PBXContainerItemProxy */ = {
			isa = PBXContainerItemProxy;
			containerPortal = 8B95A3F51D3726640075763B /* Project object */;
			proxyType = 1;
			remoteGlobalIDString = 8B95A3FC1D3726640075763B;
			remoteInfo = AlamofireOAuth;
		};
/* End PBXContainerItemProxy section */

/* Begin PBXFileReference section */
		0C1CBD53351463B8B534194A /* Pods.release.xcconfig */ = {isa = PBXFileReference; includeInIndex = 1; lastKnownFileType = text.xcconfig; name = Pods.release.xcconfig; path = "Pods/Target Support Files/Pods/Pods.release.xcconfig"; sourceTree = "<group>"; };
		8B86C51E1D389A7C005E08CA /* OAuthManager.swift */ = {isa = PBXFileReference; fileEncoding = 4; lastKnownFileType = sourcecode.swift; path = OAuthManager.swift; sourceTree = "<group>"; };
		8B8934421D37426C00BEA0FC /* OAuthCredential.swift */ = {isa = PBXFileReference; fileEncoding = 4; lastKnownFileType = sourcecode.swift; path = OAuthCredential.swift; sourceTree = "<group>"; };
		8B8934441D37473A00BEA0FC /* OAuth.swift */ = {isa = PBXFileReference; fileEncoding = 4; lastKnownFileType = sourcecode.swift; path = OAuth.swift; sourceTree = "<group>"; };
		8B8934471D378FA100BEA0FC /* OAuthOpenURLHandler.swift */ = {isa = PBXFileReference; fileEncoding = 4; lastKnownFileType = sourcecode.swift; path = OAuthOpenURLHandler.swift; sourceTree = "<group>"; };
		8B8934491D37D29F00BEA0FC /* OAuth1.swift */ = {isa = PBXFileReference; fileEncoding = 4; lastKnownFileType = sourcecode.swift; path = OAuth1.swift; sourceTree = "<group>"; };
		8B95A3FD1D3726640075763B /* AlamofireOAuth.app */ = {isa = PBXFileReference; explicitFileType = wrapper.application; includeInIndex = 0; path = AlamofireOAuth.app; sourceTree = BUILT_PRODUCTS_DIR; };
		8B95A4001D3726640075763B /* AppDelegate.swift */ = {isa = PBXFileReference; lastKnownFileType = sourcecode.swift; path = AppDelegate.swift; sourceTree = "<group>"; };
		8B95A4021D3726640075763B /* ViewController.swift */ = {isa = PBXFileReference; lastKnownFileType = sourcecode.swift; path = ViewController.swift; sourceTree = "<group>"; };
		8B95A4071D3726640075763B /* Assets.xcassets */ = {isa = PBXFileReference; lastKnownFileType = folder.assetcatalog; path = Assets.xcassets; sourceTree = "<group>"; };
		8B95A40A1D3726640075763B /* Base */ = {isa = PBXFileReference; lastKnownFileType = file.storyboard; name = Base; path = Base.lproj/LaunchScreen.storyboard; sourceTree = "<group>"; };
		8B95A40C1D3726640075763B /* Info.plist */ = {isa = PBXFileReference; lastKnownFileType = text.plist.xml; path = Info.plist; sourceTree = "<group>"; };
		8B95A4111D3726640075763B /* AlamofireOAuthTests.xctest */ = {isa = PBXFileReference; explicitFileType = wrapper.cfbundle; includeInIndex = 0; path = AlamofireOAuthTests.xctest; sourceTree = BUILT_PRODUCTS_DIR; };
		8B95A4151D3726640075763B /* AlamofireOAuthTests.swift */ = {isa = PBXFileReference; lastKnownFileType = sourcecode.swift; path = AlamofireOAuthTests.swift; sourceTree = "<group>"; };
		8B95A4171D3726640075763B /* Info.plist */ = {isa = PBXFileReference; lastKnownFileType = text.plist.xml; path = Info.plist; sourceTree = "<group>"; };
		8B95A41C1D3726640075763B /* AlamofireOAuthUITests.xctest */ = {isa = PBXFileReference; explicitFileType = wrapper.cfbundle; includeInIndex = 0; path = AlamofireOAuthUITests.xctest; sourceTree = BUILT_PRODUCTS_DIR; };
		8B95A4201D3726640075763B /* AlamofireOAuthUITests.swift */ = {isa = PBXFileReference; lastKnownFileType = sourcecode.swift; path = AlamofireOAuthUITests.swift; sourceTree = "<group>"; };
		8B95A4221D3726640075763B /* Info.plist */ = {isa = PBXFileReference; lastKnownFileType = text.plist.xml; path = Info.plist; sourceTree = "<group>"; };
		8B95A42F1D37376D0075763B /* StringExtension.swift */ = {isa = PBXFileReference; fileEncoding = 4; lastKnownFileType = sourcecode.swift; name = StringExtension.swift; path = Extension/StringExtension.swift; sourceTree = "<group>"; };
		8D07DEC1A026737D522721D9 /* Pods.debug.xcconfig */ = {isa = PBXFileReference; includeInIndex = 1; lastKnownFileType = text.xcconfig; name = Pods.debug.xcconfig; path = "Pods/Target Support Files/Pods/Pods.debug.xcconfig"; sourceTree = "<group>"; };
		94A096E9E5870DC9E3E8ECA5 /* Pods.framework */ = {isa = PBXFileReference; explicitFileType = wrapper.framework; includeInIndex = 0; path = Pods.framework; sourceTree = BUILT_PRODUCTS_DIR; };
/* End PBXFileReference section */

/* Begin PBXFrameworksBuildPhase section */
		8B95A3FA1D3726640075763B /* Frameworks */ = {
			isa = PBXFrameworksBuildPhase;
			buildActionMask = 2147483647;
			files = (
				158D030B5121247D986DBED4 /* Pods.framework in Frameworks */,
			);
			runOnlyForDeploymentPostprocessing = 0;
		};
		8B95A40E1D3726640075763B /* Frameworks */ = {
			isa = PBXFrameworksBuildPhase;
			buildActionMask = 2147483647;
			files = (
			);
			runOnlyForDeploymentPostprocessing = 0;
		};
		8B95A4191D3726640075763B /* Frameworks */ = {
			isa = PBXFrameworksBuildPhase;
			buildActionMask = 2147483647;
			files = (
			);
			runOnlyForDeploymentPostprocessing = 0;
		};
/* End PBXFrameworksBuildPhase section */

/* Begin PBXGroup section */
		8B8934461D37474300BEA0FC /* Extension */ = {
			isa = PBXGroup;
			children = (
				8B95A42F1D37376D0075763B /* StringExtension.swift */,
			);
			name = Extension;
			sourceTree = "<group>";
		};
		8B95A3F41D3726640075763B = {
			isa = PBXGroup;
			children = (
				8B95A3FF1D3726640075763B /* AlamofireOAuth */,
				8B95A4141D3726640075763B /* AlamofireOAuthTests */,
				8B95A41F1D3726640075763B /* AlamofireOAuthUITests */,
				8B95A3FE1D3726640075763B /* Products */,
				BED4BD343266385DD99EA1AA /* Pods */,
				BAAE3860E88F63AC8D422551 /* Frameworks */,
			);
			sourceTree = "<group>";
		};
		8B95A3FE1D3726640075763B /* Products */ = {
			isa = PBXGroup;
			children = (
				8B95A3FD1D3726640075763B /* AlamofireOAuth.app */,
				8B95A4111D3726640075763B /* AlamofireOAuthTests.xctest */,
				8B95A41C1D3726640075763B /* AlamofireOAuthUITests.xctest */,
			);
			name = Products;
			sourceTree = "<group>";
		};
		8B95A3FF1D3726640075763B /* AlamofireOAuth */ = {
			isa = PBXGroup;
			children = (
				8B8934441D37473A00BEA0FC /* OAuth.swift */,
				8B8934491D37D29F00BEA0FC /* OAuth1.swift */,
				8B86C51E1D389A7C005E08CA /* OAuthManager.swift */,
				8B8934421D37426C00BEA0FC /* OAuthCredential.swift */,
				8B8934471D378FA100BEA0FC /* OAuthOpenURLHandler.swift */,
				8B95A4001D3726640075763B /* AppDelegate.swift */,
				8B95A4021D3726640075763B /* ViewController.swift */,
				8B8934461D37474300BEA0FC /* Extension */,
				8B95A42E1D37267F0075763B /* Support Files */,
			);
			path = AlamofireOAuth;
			sourceTree = "<group>";
		};
		8B95A4141D3726640075763B /* AlamofireOAuthTests */ = {
			isa = PBXGroup;
			children = (
				8B95A4151D3726640075763B /* AlamofireOAuthTests.swift */,
				8B95A4171D3726640075763B /* Info.plist */,
			);
			path = AlamofireOAuthTests;
			sourceTree = "<group>";
		};
		8B95A41F1D3726640075763B /* AlamofireOAuthUITests */ = {
			isa = PBXGroup;
			children = (
				8B95A4201D3726640075763B /* AlamofireOAuthUITests.swift */,
				8B95A4221D3726640075763B /* Info.plist */,
			);
			path = AlamofireOAuthUITests;
			sourceTree = "<group>";
		};
		8B95A42E1D37267F0075763B /* Support Files */ = {
			isa = PBXGroup;
			children = (
				8B95A4071D3726640075763B /* Assets.xcassets */,
				8B95A4091D3726640075763B /* LaunchScreen.storyboard */,
				8B95A40C1D3726640075763B /* Info.plist */,
			);
			name = "Support Files";
			sourceTree = "<group>";
		};
		BAAE3860E88F63AC8D422551 /* Frameworks */ = {
			isa = PBXGroup;
			children = (
				94A096E9E5870DC9E3E8ECA5 /* Pods.framework */,
			);
			name = Frameworks;
			sourceTree = "<group>";
		};
		BED4BD343266385DD99EA1AA /* Pods */ = {
			isa = PBXGroup;
			children = (
				8D07DEC1A026737D522721D9 /* Pods.debug.xcconfig */,
				0C1CBD53351463B8B534194A /* Pods.release.xcconfig */,
			);
			name = Pods;
			sourceTree = "<group>";
		};
/* End PBXGroup section */

/* Begin PBXNativeTarget section */
		8B95A3FC1D3726640075763B /* AlamofireOAuth */ = {
			isa = PBXNativeTarget;
			buildConfigurationList = 8B95A4251D3726640075763B /* Build configuration list for PBXNativeTarget "AlamofireOAuth" */;
			buildPhases = (
				CDB5FC0C4762AEE31C857222 /* Check Pods Manifest.lock */,
				8B95A3F91D3726640075763B /* Sources */,
				8B95A3FA1D3726640075763B /* Frameworks */,
				8B95A3FB1D3726640075763B /* Resources */,
				415F23810766903DA9A990A2 /* Embed Pods Frameworks */,
				B2DF66A5FB00F36FC8D47484 /* Copy Pods Resources */,
			);
			buildRules = (
			);
			dependencies = (
			);
			name = AlamofireOAuth;
			productName = AlamofireOAuth;
			productReference = 8B95A3FD1D3726640075763B /* AlamofireOAuth.app */;
			productType = "com.apple.product-type.application";
		};
		8B95A4101D3726640075763B /* AlamofireOAuthTests */ = {
			isa = PBXNativeTarget;
			buildConfigurationList = 8B95A4281D3726640075763B /* Build configuration list for PBXNativeTarget "AlamofireOAuthTests" */;
			buildPhases = (
				8B95A40D1D3726640075763B /* Sources */,
				8B95A40E1D3726640075763B /* Frameworks */,
				8B95A40F1D3726640075763B /* Resources */,
			);
			buildRules = (
			);
			dependencies = (
				8B95A4131D3726640075763B /* PBXTargetDependency */,
			);
			name = AlamofireOAuthTests;
			productName = AlamofireOAuthTests;
			productReference = 8B95A4111D3726640075763B /* AlamofireOAuthTests.xctest */;
			productType = "com.apple.product-type.bundle.unit-test";
		};
		8B95A41B1D3726640075763B /* AlamofireOAuthUITests */ = {
			isa = PBXNativeTarget;
			buildConfigurationList = 8B95A42B1D3726640075763B /* Build configuration list for PBXNativeTarget "AlamofireOAuthUITests" */;
			buildPhases = (
				8B95A4181D3726640075763B /* Sources */,
				8B95A4191D3726640075763B /* Frameworks */,
				8B95A41A1D3726640075763B /* Resources */,
			);
			buildRules = (
			);
			dependencies = (
				8B95A41E1D3726640075763B /* PBXTargetDependency */,
			);
			name = AlamofireOAuthUITests;
			productName = AlamofireOAuthUITests;
			productReference = 8B95A41C1D3726640075763B /* AlamofireOAuthUITests.xctest */;
			productType = "com.apple.product-type.bundle.ui-testing";
		};
/* End PBXNativeTarget section */

/* Begin PBXProject section */
		8B95A3F51D3726640075763B /* Project object */ = {
			isa = PBXProject;
			attributes = {
				LastSwiftUpdateCheck = 0730;
				LastUpgradeCheck = 0730;
				ORGANIZATIONNAME = zhengcc;
				TargetAttributes = {
					8B95A3FC1D3726640075763B = {
						CreatedOnToolsVersion = 7.3;
					};
					8B95A4101D3726640075763B = {
						CreatedOnToolsVersion = 7.3;
						TestTargetID = 8B95A3FC1D3726640075763B;
					};
					8B95A41B1D3726640075763B = {
						CreatedOnToolsVersion = 7.3;
						TestTargetID = 8B95A3FC1D3726640075763B;
					};
				};
			};
			buildConfigurationList = 8B95A3F81D3726640075763B /* Build configuration list for PBXProject "AlamofireOAuth" */;
			compatibilityVersion = "Xcode 3.2";
			developmentRegion = English;
			hasScannedForEncodings = 0;
			knownRegions = (
				en,
				Base,
			);
			mainGroup = 8B95A3F41D3726640075763B;
			productRefGroup = 8B95A3FE1D3726640075763B /* Products */;
			projectDirPath = "";
			projectRoot = "";
			targets = (
				8B95A3FC1D3726640075763B /* AlamofireOAuth */,
				8B95A4101D3726640075763B /* AlamofireOAuthTests */,
				8B95A41B1D3726640075763B /* AlamofireOAuthUITests */,
			);
		};
/* End PBXProject section */

/* Begin PBXResourcesBuildPhase section */
		8B95A3FB1D3726640075763B /* Resources */ = {
			isa = PBXResourcesBuildPhase;
			buildActionMask = 2147483647;
			files = (
				8B95A40B1D3726640075763B /* LaunchScreen.storyboard in Resources */,
				8B95A4081D3726640075763B /* Assets.xcassets in Resources */,
			);
			runOnlyForDeploymentPostprocessing = 0;
		};
		8B95A40F1D3726640075763B /* Resources */ = {
			isa = PBXResourcesBuildPhase;
			buildActionMask = 2147483647;
			files = (
			);
			runOnlyForDeploymentPostprocessing = 0;
		};
		8B95A41A1D3726640075763B /* Resources */ = {
			isa = PBXResourcesBuildPhase;
			buildActionMask = 2147483647;
			files = (
			);
			runOnlyForDeploymentPostprocessing = 0;
		};
/* End PBXResourcesBuildPhase section */

/* Begin PBXShellScriptBuildPhase section */
		415F23810766903DA9A990A2 /* Embed Pods Frameworks */ = {
			isa = PBXShellScriptBuildPhase;
			buildActionMask = 2147483647;
			files = (
			);
			inputPaths = (
			);
			name = "Embed Pods Frameworks";
			outputPaths = (
			);
			runOnlyForDeploymentPostprocessing = 0;
			shellPath = /bin/sh;
			shellScript = "\"${SRCROOT}/Pods/Target Support Files/Pods/Pods-frameworks.sh\"\n";
			showEnvVarsInLog = 0;
		};
		B2DF66A5FB00F36FC8D47484 /* Copy Pods Resources */ = {
			isa = PBXShellScriptBuildPhase;
			buildActionMask = 2147483647;
			files = (
			);
			inputPaths = (
			);
			name = "Copy Pods Resources";
			outputPaths = (
			);
			runOnlyForDeploymentPostprocessing = 0;
			shellPath = /bin/sh;
			shellScript = "\"${SRCROOT}/Pods/Target Support Files/Pods/Pods-resources.sh\"\n";
			showEnvVarsInLog = 0;
		};
		CDB5FC0C4762AEE31C857222 /* Check Pods Manifest.lock */ = {
			isa = PBXShellScriptBuildPhase;
			buildActionMask = 2147483647;
			files = (
			);
			inputPaths = (
			);
			name = "Check Pods Manifest.lock";
			outputPaths = (
			);
			runOnlyForDeploymentPostprocessing = 0;
			shellPath = /bin/sh;
			shellScript = "diff \"${PODS_ROOT}/../Podfile.lock\" \"${PODS_ROOT}/Manifest.lock\" > /dev/null\nif [[ $? != 0 ]] ; then\n    cat << EOM\nerror: The sandbox is not in sync with the Podfile.lock. Run 'pod install' or update your CocoaPods installation.\nEOM\n    exit 1\nfi\n";
			showEnvVarsInLog = 0;
		};
/* End PBXShellScriptBuildPhase section */

/* Begin PBXSourcesBuildPhase section */
		8B95A3F91D3726640075763B /* Sources */ = {
			isa = PBXSourcesBuildPhase;
			buildActionMask = 2147483647;
			files = (
				8B8934481D378FA100BEA0FC /* OAuthOpenURLHandler.swift in Sources */,
				8B86C51F1D389A7C005E08CA /* OAuthManager.swift in Sources */,
				8B8934431D37426C00BEA0FC /* OAuthCredential.swift in Sources */,
				8B89344A1D37D29F00BEA0FC /* OAuth1.swift in Sources */,
				8B95A4031D3726640075763B /* ViewController.swift in Sources */,
				8B95A4011D3726640075763B /* AppDelegate.swift in Sources */,
				8B95A4301D37376D0075763B /* StringExtension.swift in Sources */,
				8B8934451D37473A00BEA0FC /* OAuth.swift in Sources */,
			);
			runOnlyForDeploymentPostprocessing = 0;
		};
		8B95A40D1D3726640075763B /* Sources */ = {
			isa = PBXSourcesBuildPhase;
			buildActionMask = 2147483647;
			files = (
				8B95A4161D3726640075763B /* AlamofireOAuthTests.swift in Sources */,
			);
			runOnlyForDeploymentPostprocessing = 0;
		};
		8B95A4181D3726640075763B /* Sources */ = {
			isa = PBXSourcesBuildPhase;
			buildActionMask = 2147483647;
			files = (
				8B95A4211D3726640075763B /* AlamofireOAuthUITests.swift in Sources */,
			);
			runOnlyForDeploymentPostprocessing = 0;
		};
/* End PBXSourcesBuildPhase section */

/* Begin PBXTargetDependency section */
		8B95A4131D3726640075763B /* PBXTargetDependency */ = {
			isa = PBXTargetDependency;
			target = 8B95A3FC1D3726640075763B /* AlamofireOAuth */;
			targetProxy = 8B95A4121D3726640075763B /* PBXContainerItemProxy */;
		};
		8B95A41E1D3726640075763B /* PBXTargetDependency */ = {
			isa = PBXTargetDependency;
			target = 8B95A3FC1D3726640075763B /* AlamofireOAuth */;
			targetProxy = 8B95A41D1D3726640075763B /* PBXContainerItemProxy */;
		};
/* End PBXTargetDependency section */

/* Begin PBXVariantGroup section */
		8B95A4091D3726640075763B /* LaunchScreen.storyboard */ = {
			isa = PBXVariantGroup;
			children = (
				8B95A40A1D3726640075763B /* Base */,
			);
			name = LaunchScreen.storyboard;
			sourceTree = "<group>";
		};
/* End PBXVariantGroup section */

/* Begin XCBuildConfiguration section */
		8B95A4231D3726640075763B /* Debug */ = {
			isa = XCBuildConfiguration;
			buildSettings = {
				ALWAYS_SEARCH_USER_PATHS = NO;
				CLANG_ANALYZER_NONNULL = YES;
				CLANG_CXX_LANGUAGE_STANDARD = "gnu++0x";
				CLANG_CXX_LIBRARY = "libc++";
				CLANG_ENABLE_MODULES = YES;
				CLANG_ENABLE_OBJC_ARC = YES;
				CLANG_WARN_BOOL_CONVERSION = YES;
				CLANG_WARN_CONSTANT_CONVERSION = YES;
				CLANG_WARN_DIRECT_OBJC_ISA_USAGE = YES_ERROR;
				CLANG_WARN_EMPTY_BODY = YES;
				CLANG_WARN_ENUM_CONVERSION = YES;
				CLANG_WARN_INT_CONVERSION = YES;
				CLANG_WARN_OBJC_ROOT_CLASS = YES_ERROR;
				CLANG_WARN_UNREACHABLE_CODE = YES;
				CLANG_WARN__DUPLICATE_METHOD_MATCH = YES;
				"CODE_SIGN_IDENTITY[sdk=iphoneos*]" = "iPhone Developer";
				COPY_PHASE_STRIP = NO;
				DEBUG_INFORMATION_FORMAT = dwarf;
				ENABLE_STRICT_OBJC_MSGSEND = YES;
				ENABLE_TESTABILITY = YES;
				GCC_C_LANGUAGE_STANDARD = gnu99;
				GCC_DYNAMIC_NO_PIC = NO;
				GCC_NO_COMMON_BLOCKS = YES;
				GCC_OPTIMIZATION_LEVEL = 0;
				GCC_PREPROCESSOR_DEFINITIONS = (
					"DEBUG=1",
					"$(inherited)",
				);
				GCC_WARN_64_TO_32_BIT_CONVERSION = YES;
				GCC_WARN_ABOUT_RETURN_TYPE = YES_ERROR;
				GCC_WARN_UNDECLARED_SELECTOR = YES;
				GCC_WARN_UNINITIALIZED_AUTOS = YES_AGGRESSIVE;
				GCC_WARN_UNUSED_FUNCTION = YES;
				GCC_WARN_UNUSED_VARIABLE = YES;
				IPHONEOS_DEPLOYMENT_TARGET = 9.3;
				MTL_ENABLE_DEBUG_INFO = YES;
				ONLY_ACTIVE_ARCH = YES;
				SDKROOT = iphoneos;
				SWIFT_OPTIMIZATION_LEVEL = "-Onone";
				TARGETED_DEVICE_FAMILY = "1,2";
			};
			name = Debug;
		};
		8B95A4241D3726640075763B /* Release */ = {
			isa = XCBuildConfiguration;
			buildSettings = {
				ALWAYS_SEARCH_USER_PATHS = NO;
				CLANG_ANALYZER_NONNULL = YES;
				CLANG_CXX_LANGUAGE_STANDARD = "gnu++0x";
				CLANG_CXX_LIBRARY = "libc++";
				CLANG_ENABLE_MODULES = YES;
				CLANG_ENABLE_OBJC_ARC = YES;
				CLANG_WARN_BOOL_CONVERSION = YES;
				CLANG_WARN_CONSTANT_CONVERSION = YES;
				CLANG_WARN_DIRECT_OBJC_ISA_USAGE = YES_ERROR;
				CLANG_WARN_EMPTY_BODY = YES;
				CLANG_WARN_ENUM_CONVERSION = YES;
				CLANG_WARN_INT_CONVERSION = YES;
				CLANG_WARN_OBJC_ROOT_CLASS = YES_ERROR;
				CLANG_WARN_UNREACHABLE_CODE = YES;
				CLANG_WARN__DUPLICATE_METHOD_MATCH = YES;
				"CODE_SIGN_IDENTITY[sdk=iphoneos*]" = "iPhone Developer";
				COPY_PHASE_STRIP = NO;
				DEBUG_INFORMATION_FORMAT = "dwarf-with-dsym";
				ENABLE_NS_ASSERTIONS = NO;
				ENABLE_STRICT_OBJC_MSGSEND = YES;
				GCC_C_LANGUAGE_STANDARD = gnu99;
				GCC_NO_COMMON_BLOCKS = YES;
				GCC_WARN_64_TO_32_BIT_CONVERSION = YES;
				GCC_WARN_ABOUT_RETURN_TYPE = YES_ERROR;
				GCC_WARN_UNDECLARED_SELECTOR = YES;
				GCC_WARN_UNINITIALIZED_AUTOS = YES_AGGRESSIVE;
				GCC_WARN_UNUSED_FUNCTION = YES;
				GCC_WARN_UNUSED_VARIABLE = YES;
				IPHONEOS_DEPLOYMENT_TARGET = 9.3;
				MTL_ENABLE_DEBUG_INFO = NO;
				SDKROOT = iphoneos;
				TARGETED_DEVICE_FAMILY = "1,2";
				VALIDATE_PRODUCT = YES;
			};
			name = Release;
		};
		8B95A4261D3726640075763B /* Debug */ = {
			isa = XCBuildConfiguration;
			baseConfigurationReference = 8D07DEC1A026737D522721D9 /* Pods.debug.xcconfig */;
			buildSettings = {
				ASSETCATALOG_COMPILER_APPICON_NAME = AppIcon;
				INFOPLIST_FILE = AlamofireOAuth/Info.plist;
				IPHONEOS_DEPLOYMENT_TARGET = 8.0;
				LD_RUNPATH_SEARCH_PATHS = "$(inherited) @executable_path/Frameworks";
				PRODUCT_BUNDLE_IDENTIFIER = space.minesecrete.AlamofireOAuth;
				PRODUCT_NAME = "$(TARGET_NAME)";
			};
			name = Debug;
		};
		8B95A4271D3726640075763B /* Release */ = {
			isa = XCBuildConfiguration;
			baseConfigurationReference = 0C1CBD53351463B8B534194A /* Pods.release.xcconfig */;
			buildSettings = {
				ASSETCATALOG_COMPILER_APPICON_NAME = AppIcon;
				INFOPLIST_FILE = AlamofireOAuth/Info.plist;
				IPHONEOS_DEPLOYMENT_TARGET = 8.0;
				LD_RUNPATH_SEARCH_PATHS = "$(inherited) @executable_path/Frameworks";
				PRODUCT_BUNDLE_IDENTIFIER = space.minesecrete.AlamofireOAuth;
				PRODUCT_NAME = "$(TARGET_NAME)";
			};
			name = Release;
		};
		8B95A4291D3726640075763B /* Debug */ = {
			isa = XCBuildConfiguration;
			buildSettings = {
				BUNDLE_LOADER = "$(TEST_HOST)";
				INFOPLIST_FILE = AlamofireOAuthTests/Info.plist;
				LD_RUNPATH_SEARCH_PATHS = "$(inherited) @executable_path/Frameworks @loader_path/Frameworks";
				PRODUCT_BUNDLE_IDENTIFIER = space.minesecrete.AlamofireOAuthTests;
				PRODUCT_NAME = "$(TARGET_NAME)";
				TEST_HOST = "$(BUILT_PRODUCTS_DIR)/AlamofireOAuth.app/AlamofireOAuth";
			};
			name = Debug;
		};
		8B95A42A1D3726640075763B /* Release */ = {
			isa = XCBuildConfiguration;
			buildSettings = {
				BUNDLE_LOADER = "$(TEST_HOST)";
				INFOPLIST_FILE = AlamofireOAuthTests/Info.plist;
				LD_RUNPATH_SEARCH_PATHS = "$(inherited) @executable_path/Frameworks @loader_path/Frameworks";
				PRODUCT_BUNDLE_IDENTIFIER = space.minesecrete.AlamofireOAuthTests;
				PRODUCT_NAME = "$(TARGET_NAME)";
				TEST_HOST = "$(BUILT_PRODUCTS_DIR)/AlamofireOAuth.app/AlamofireOAuth";
			};
			name = Release;
		};
		8B95A42C1D3726640075763B /* Debug */ = {
			isa = XCBuildConfiguration;
			buildSettings = {
				INFOPLIST_FILE = AlamofireOAuthUITests/Info.plist;
				LD_RUNPATH_SEARCH_PATHS = "$(inherited) @executable_path/Frameworks @loader_path/Frameworks";
				PRODUCT_BUNDLE_IDENTIFIER = space.minesecrete.AlamofireOAuthUITests;
				PRODUCT_NAME = "$(TARGET_NAME)";
				TEST_TARGET_NAME = AlamofireOAuth;
			};
			name = Debug;
		};
		8B95A42D1D3726640075763B /* Release */ = {
			isa = XCBuildConfiguration;
			buildSettings = {
				INFOPLIST_FILE = AlamofireOAuthUITests/Info.plist;
				LD_RUNPATH_SEARCH_PATHS = "$(inherited) @executable_path/Frameworks @loader_path/Frameworks";
				PRODUCT_BUNDLE_IDENTIFIER = space.minesecrete.AlamofireOAuthUITests;
				PRODUCT_NAME = "$(TARGET_NAME)";
				TEST_TARGET_NAME = AlamofireOAuth;
			};
			name = Release;
		};
/* End XCBuildConfiguration section */

/* Begin XCConfigurationList section */
		8B95A3F81D3726640075763B /* Build configuration list for PBXProject "AlamofireOAuth" */ = {
			isa = XCConfigurationList;
			buildConfigurations = (
				8B95A4231D3726640075763B /* Debug */,
				8B95A4241D3726640075763B /* Release */,
			);
			defaultConfigurationIsVisible = 0;
			defaultConfigurationName = Release;
		};
		8B95A4251D3726640075763B /* Build configuration list for PBXNativeTarget "AlamofireOAuth" */ = {
			isa = XCConfigurationList;
			buildConfigurations = (
				8B95A4261D3726640075763B /* Debug */,
				8B95A4271D3726640075763B /* Release */,
			);
			defaultConfigurationIsVisible = 0;
			defaultConfigurationName = Release;
		};
		8B95A4281D3726640075763B /* Build configuration list for PBXNativeTarget "AlamofireOAuthTests" */ = {
			isa = XCConfigurationList;
			buildConfigurations = (
				8B95A4291D3726640075763B /* Debug */,
				8B95A42A1D3726640075763B /* Release */,
			);
			defaultConfigurationIsVisible = 0;
			defaultConfigurationName = Release;
		};
		8B95A42B1D3726640075763B /* Build configuration list for PBXNativeTarget "AlamofireOAuthUITests" */ = {
			isa = XCConfigurationList;
			buildConfigurations = (
				8B95A42C1D3726640075763B /* Debug */,
				8B95A42D1D3726640075763B /* Release */,
			);
			defaultConfigurationIsVisible = 0;
			defaultConfigurationName = Release;
		};
/* End XCConfigurationList section */
	};
	rootObject = 8B95A3F51D3726640075763B /* Project object */;
}
